// !$*UTF8*$!
{
	archiveVersion = 1;
	classes = {
	};
	objectVersion = 46;
	objects = {

/* Begin PBXBuildFile section */
		EB127ED01D09DCF70089C8A6 /* launchscreen-soundpot.storyboard in Resources */ = {isa = PBXBuildFile; fileRef = EB127ECF1D09DCF70089C8A6 /* launchscreen-soundpot.storyboard */; };
		EB127ED31D09DDD80089C8A6 /* launch-image-soundpot.png in Resources */ = {isa = PBXBuildFile; fileRef = EB127ED21D09DDD80089C8A6 /* launch-image-soundpot.png */; };
		EB127ED51D09DE5A0089C8A6 /* soundpot-lauchscreen-169.png in Resources */ = {isa = PBXBuildFile; fileRef = EB127ED41D09DE5A0089C8A6 /* soundpot-lauchscreen-169.png */; };
		EB127ED71D09E1970089C8A6 /* background.png in Resources */ = {isa = PBXBuildFile; fileRef = EB127ED61D09E1970089C8A6 /* background.png */; };
		EB127ED91D09E2BE0089C8A6 /* icon-inbox.png in Resources */ = {isa = PBXBuildFile; fileRef = EB127ED81D09E2BE0089C8A6 /* icon-inbox.png */; };
		EB127EDB1D09E3450089C8A6 /* new-message-icon.png in Resources */ = {isa = PBXBuildFile; fileRef = EB127EDA1D09E3450089C8A6 /* new-message-icon.png */; };
		EB127EDF1D09E4E90089C8A6 /* playlist-icon.png in Resources */ = {isa = PBXBuildFile; fileRef = EB127EDC1D09E4E90089C8A6 /* playlist-icon.png */; };
		EB127EE01D09E4E90089C8A6 /* send-icon.png in Resources */ = {isa = PBXBuildFile; fileRef = EB127EDD1D09E4E90089C8A6 /* send-icon.png */; };
		EB127EE11D09E4E90089C8A6 /* settings-icon.png in Resources */ = {isa = PBXBuildFile; fileRef = EB127EDE1D09E4E90089C8A6 /* settings-icon.png */; };
		EB2DCD781D09E9BE0036245B /* background-noglow.png in Resources */ = {isa = PBXBuildFile; fileRef = EB2DCD771D09E9BE0036245B /* background-noglow.png */; };
		EB3DFDA01D0A1A83006BFCAE /* friends-icon.png in Resources */ = {isa = PBXBuildFile; fileRef = EB3DFD9E1D0A1A83006BFCAE /* friends-icon.png */; };
		EB3DFDA11D0A1A83006BFCAE /* logout-icon.png in Resources */ = {isa = PBXBuildFile; fileRef = EB3DFD9F1D0A1A83006BFCAE /* logout-icon.png */; };
		EB3DFDA31D0A1BF0006BFCAE /* logo-soundpot-2.png in Resources */ = {isa = PBXBuildFile; fileRef = EB3DFDA21D0A1BF0006BFCAE /* logo-soundpot-2.png */; };
		EB3DFDA51D0A1DFB006BFCAE /* blurry.png in Resources */ = {isa = PBXBuildFile; fileRef = EB3DFDA41D0A1DFB006BFCAE /* blurry.png */; };
		EB3DFDA71D0A27C8006BFCAE /* SignUpViewController.swift in Sources */ = {isa = PBXBuildFile; fileRef = EB3DFDA61D0A27C8006BFCAE /* SignUpViewController.swift */; };
		EB3EAC711D09339900BF28A3 /* SendViewController.swift in Sources */ = {isa = PBXBuildFile; fileRef = EB3EAC701D09339900BF28A3 /* SendViewController.swift */; };
		EB3EAC741D093E3B00BF28A3 /* UploadLibrary.m in Sources */ = {isa = PBXBuildFile; fileRef = EB3EAC731D093E3B00BF28A3 /* UploadLibrary.m */; };
		EBA4440B1D08CD4300384396 /* SettingsViewController.swift in Sources */ = {isa = PBXBuildFile; fileRef = EBA4440A1D08CD4300384396 /* SettingsViewController.swift */; };
		EBA4440D1D08D79A00384396 /* FriendsViewController.swift in Sources */ = {isa = PBXBuildFile; fileRef = EBA4440C1D08D79A00384396 /* FriendsViewController.swift */; };
		EBA4440F1D08DBF800384396 /* EditFriendsViewController.swift in Sources */ = {isa = PBXBuildFile; fileRef = EBA4440E1D08DBF800384396 /* EditFriendsViewController.swift */; };
		EBD3BED21D0750D1002A4045 /* AppDelegate.swift in Sources */ = {isa = PBXBuildFile; fileRef = EBD3BED11D0750D1002A4045 /* AppDelegate.swift */; };
		EBD3BED51D0750D1002A4045 /* SoundPot.xcdatamodeld in Sources */ = {isa = PBXBuildFile; fileRef = EBD3BED31D0750D1002A4045 /* SoundPot.xcdatamodeld */; };
		EBD3BEDA1D0750D1002A4045 /* Main.storyboard in Resources */ = {isa = PBXBuildFile; fileRef = EBD3BED81D0750D1002A4045 /* Main.storyboard */; };
		EBD3BEDC1D0750D1002A4045 /* Images.xcassets in Resources */ = {isa = PBXBuildFile; fileRef = EBD3BEDB1D0750D1002A4045 /* Images.xcassets */; };
		EBD3BEDF1D0750D1002A4045 /* LaunchScreen.xib in Resources */ = {isa = PBXBuildFile; fileRef = EBD3BEDD1D0750D1002A4045 /* LaunchScreen.xib */; };
		EBD3BEEB1D0750D1002A4045 /* SoundPotTests.swift in Sources */ = {isa = PBXBuildFile; fileRef = EBD3BEEA1D0750D1002A4045 /* SoundPotTests.swift */; };
		EBD3BEF51D075624002A4045 /* LoginViewController.swift in Sources */ = {isa = PBXBuildFile; fileRef = EBD3BEF41D075623002A4045 /* LoginViewController.swift */; };
		EBD3BEF71D076D81002A4045 /* User.swift in Sources */ = {isa = PBXBuildFile; fileRef = EBD3BEF61D076D81002A4045 /* User.swift */; };
		EBD3BEF81D076D81002A4045 /* User.swift in Sources */ = {isa = PBXBuildFile; fileRef = EBD3BEF61D076D81002A4045 /* User.swift */; };
		EBD3BEFC1D078168002A4045 /* AudioToolbox.framework in Frameworks */ = {isa = PBXBuildFile; fileRef = EBD3BEFB1D078168002A4045 /* AudioToolbox.framework */; };
		EBD3BEFE1D078174002A4045 /* MediaPlayer.framework in Frameworks */ = {isa = PBXBuildFile; fileRef = EBD3BEFD1D078174002A4045 /* MediaPlayer.framework */; };
		EBD3BF011D078302002A4045 /* CFNetwork.framework in Frameworks */ = {isa = PBXBuildFile; fileRef = EBD3BF001D078302002A4045 /* CFNetwork.framework */; };
		EBD3BF031D078308002A4045 /* CoreGraphics.framework in Frameworks */ = {isa = PBXBuildFile; fileRef = EBD3BF021D078308002A4045 /* CoreGraphics.framework */; };
		EBD3BF051D078316002A4045 /* CoreLocation.framework in Frameworks */ = {isa = PBXBuildFile; fileRef = EBD3BF041D078316002A4045 /* CoreLocation.framework */; };
		EBD3BF091D078331002A4045 /* MobileCoreServices.framework in Frameworks */ = {isa = PBXBuildFile; fileRef = EBD3BF081D078331002A4045 /* MobileCoreServices.framework */; };
		EBD3BF0B1D078339002A4045 /* QuartzCore.framework in Frameworks */ = {isa = PBXBuildFile; fileRef = EBD3BF0A1D078339002A4045 /* QuartzCore.framework */; };
		EBD3BF0D1D07833F002A4045 /* Security.framework in Frameworks */ = {isa = PBXBuildFile; fileRef = EBD3BF0C1D07833F002A4045 /* Security.framework */; };
		EBD3BF0F1D078348002A4045 /* StoreKit.framework in Frameworks */ = {isa = PBXBuildFile; fileRef = EBD3BF0E1D078348002A4045 /* StoreKit.framework */; };
		EBD3BF111D07836F002A4045 /* SystemConfiguration.framework in Frameworks */ = {isa = PBXBuildFile; fileRef = EBD3BF101D07836F002A4045 /* SystemConfiguration.framework */; };
		EBEBD8221D07AFBD002EB597 /* Bolts.framework in Frameworks */ = {isa = PBXBuildFile; fileRef = EBEBD8201D07AFBD002EB597 /* Bolts.framework */; };
		EBEBD8231D07AFBD002EB597 /* Parse.framework in Frameworks */ = {isa = PBXBuildFile; fileRef = EBEBD8211D07AFBD002EB597 /* Parse.framework */; };
		EBEBD8251D07AFF3002EB597 /* libz.tbd in Frameworks */ = {isa = PBXBuildFile; fileRef = EBEBD8241D07AFF3002EB597 /* libz.tbd */; };
		EBEBD8271D07AFFC002EB597 /* libsqlite3.tbd in Frameworks */ = {isa = PBXBuildFile; fileRef = EBEBD8261D07AFFC002EB597 /* libsqlite3.tbd */; };
		EBEBD8291D07B8B5002EB597 /* HomeViewController.swift in Sources */ = {isa = PBXBuildFile; fileRef = EBEBD8281D07B8B5002EB597 /* HomeViewController.swift */; };
		EBEBD82E1D07C57D002EB597 /* Song.swift in Sources */ = {isa = PBXBuildFile; fileRef = EBEBD82D1D07C57D002EB597 /* Song.swift */; };
		EBEBD82F1D07C57D002EB597 /* Song.swift in Sources */ = {isa = PBXBuildFile; fileRef = EBEBD82D1D07C57D002EB597 /* Song.swift */; };
		EBEBD8311D07D5A1002EB597 /* InboxViewController.swift in Sources */ = {isa = PBXBuildFile; fileRef = EBEBD8301D07D5A1002EB597 /* InboxViewController.swift */; };
		EBEBD8331D086AA7002EB597 /* PlaylistViewController.swift in Sources */ = {isa = PBXBuildFile; fileRef = EBEBD8321D086AA7002EB597 /* PlaylistViewController.swift */; };
		EBEBD8351D088BC4002EB597 /* SongViewController.swift in Sources */ = {isa = PBXBuildFile; fileRef = EBEBD8341D088BC4002EB597 /* SongViewController.swift */; };
		EBEBD8371D089204002EB597 /* HistoryViewControler.swift in Sources */ = {isa = PBXBuildFile; fileRef = EBEBD8361D089204002EB597 /* HistoryViewControler.swift */; };
		EBEBD8391D089D5E002EB597 /* HistorySongViewController.swift in Sources */ = {isa = PBXBuildFile; fileRef = EBEBD8381D089D5E002EB597 /* HistorySongViewController.swift */; };
		EBEBD83E1D08AD53002EB597 /* TrackInfoLibrary.m in Sources */ = {isa = PBXBuildFile; fileRef = EBEBD83D1D08AD53002EB597 /* TrackInfoLibrary.m */; };
/* End PBXBuildFile section */

/* Begin PBXContainerItemProxy section */
		EBD3BEE51D0750D1002A4045 /* PBXContainerItemProxy */ = {
			isa = PBXContainerItemProxy;
			containerPortal = EBD3BEC41D0750D1002A4045 /* Project object */;
			proxyType = 1;
			remoteGlobalIDString = EBD3BECB1D0750D1002A4045;
			remoteInfo = SoundPot;
		};
/* End PBXContainerItemProxy section */

/* Begin PBXFileReference section */
		EB127ECF1D09DCF70089C8A6 /* launchscreen-soundpot.storyboard */ = {isa = PBXFileReference; fileEncoding = 4; lastKnownFileType = file.storyboard; path = "launchscreen-soundpot.storyboard"; sourceTree = "<group>"; };
		EB127ED21D09DDD80089C8A6 /* launch-image-soundpot.png */ = {isa = PBXFileReference; lastKnownFileType = image.png; path = "launch-image-soundpot.png"; sourceTree = "<group>"; };
		EB127ED41D09DE5A0089C8A6 /* soundpot-lauchscreen-169.png */ = {isa = PBXFileReference; lastKnownFileType = image.png; path = "soundpot-lauchscreen-169.png"; sourceTree = "<group>"; };
		EB127ED61D09E1970089C8A6 /* background.png */ = {isa = PBXFileReference; lastKnownFileType = image.png; path = background.png; sourceTree = "<group>"; };
		EB127ED81D09E2BE0089C8A6 /* icon-inbox.png */ = {isa = PBXFileReference; lastKnownFileType = image.png; path = "icon-inbox.png"; sourceTree = "<group>"; };
		EB127EDA1D09E3450089C8A6 /* new-message-icon.png */ = {isa = PBXFileReference; lastKnownFileType = image.png; path = "new-message-icon.png"; sourceTree = "<group>"; };
		EB127EDC1D09E4E90089C8A6 /* playlist-icon.png */ = {isa = PBXFileReference; lastKnownFileType = image.png; path = "playlist-icon.png"; sourceTree = "<group>"; };
		EB127EDD1D09E4E90089C8A6 /* send-icon.png */ = {isa = PBXFileReference; lastKnownFileType = image.png; path = "send-icon.png"; sourceTree = "<group>"; };
		EB127EDE1D09E4E90089C8A6 /* settings-icon.png */ = {isa = PBXFileReference; lastKnownFileType = image.png; path = "settings-icon.png"; sourceTree = "<group>"; };
		EB2DCD771D09E9BE0036245B /* background-noglow.png */ = {isa = PBXFileReference; lastKnownFileType = image.png; path = "background-noglow.png"; sourceTree = "<group>"; };
		EB3DFD9E1D0A1A83006BFCAE /* friends-icon.png */ = {isa = PBXFileReference; lastKnownFileType = image.png; path = "friends-icon.png"; sourceTree = "<group>"; };
		EB3DFD9F1D0A1A83006BFCAE /* logout-icon.png */ = {isa = PBXFileReference; lastKnownFileType = image.png; path = "logout-icon.png"; sourceTree = "<group>"; };
		EB3DFDA21D0A1BF0006BFCAE /* logo-soundpot-2.png */ = {isa = PBXFileReference; lastKnownFileType = image.png; path = "logo-soundpot-2.png"; sourceTree = "<group>"; };
		EB3DFDA41D0A1DFB006BFCAE /* blurry.png */ = {isa = PBXFileReference; lastKnownFileType = image.png; path = blurry.png; sourceTree = "<group>"; };
		EB3DFDA61D0A27C8006BFCAE /* SignUpViewController.swift */ = {isa = PBXFileReference; fileEncoding = 4; lastKnownFileType = sourcecode.swift; path = SignUpViewController.swift; sourceTree = "<group>"; };
		EB3EAC701D09339900BF28A3 /* SendViewController.swift */ = {isa = PBXFileReference; fileEncoding = 4; lastKnownFileType = sourcecode.swift; path = SendViewController.swift; sourceTree = "<group>"; };
		EB3EAC721D093E2400BF28A3 /* UploadLibrary.h */ = {isa = PBXFileReference; fileEncoding = 4; lastKnownFileType = sourcecode.c.h; path = UploadLibrary.h; sourceTree = "<group>"; };
		EB3EAC731D093E3B00BF28A3 /* UploadLibrary.m */ = {isa = PBXFileReference; fileEncoding = 4; lastKnownFileType = sourcecode.c.objc; path = UploadLibrary.m; sourceTree = "<group>"; };
		EBA4440A1D08CD4300384396 /* SettingsViewController.swift */ = {isa = PBXFileReference; fileEncoding = 4; lastKnownFileType = sourcecode.swift; path = SettingsViewController.swift; sourceTree = "<group>"; };
		EBA4440C1D08D79A00384396 /* FriendsViewController.swift */ = {isa = PBXFileReference; fileEncoding = 4; lastKnownFileType = sourcecode.swift; path = FriendsViewController.swift; sourceTree = "<group>"; };
		EBA4440E1D08DBF800384396 /* EditFriendsViewController.swift */ = {isa = PBXFileReference; fileEncoding = 4; lastKnownFileType = sourcecode.swift; path = EditFriendsViewController.swift; sourceTree = "<group>"; };
		EBD3BECC1D0750D1002A4045 /* SoundPot.app */ = {isa = PBXFileReference; explicitFileType = wrapper.application; includeInIndex = 0; path = SoundPot.app; sourceTree = BUILT_PRODUCTS_DIR; };
		EBD3BED01D0750D1002A4045 /* Info.plist */ = {isa = PBXFileReference; lastKnownFileType = text.plist.xml; path = Info.plist; sourceTree = "<group>"; };
		EBD3BED11D0750D1002A4045 /* AppDelegate.swift */ = {isa = PBXFileReference; lastKnownFileType = sourcecode.swift; path = AppDelegate.swift; sourceTree = "<group>"; };
		EBD3BED41D0750D1002A4045 /* SoundPot.xcdatamodel */ = {isa = PBXFileReference; lastKnownFileType = wrapper.xcdatamodel; path = SoundPot.xcdatamodel; sourceTree = "<group>"; };
		EBD3BED91D0750D1002A4045 /* Base */ = {isa = PBXFileReference; lastKnownFileType = file.storyboard; name = Base; path = Base.lproj/Main.storyboard; sourceTree = "<group>"; };
		EBD3BEDB1D0750D1002A4045 /* Images.xcassets */ = {isa = PBXFileReference; lastKnownFileType = folder.assetcatalog; path = Images.xcassets; sourceTree = "<group>"; };
		EBD3BEDE1D0750D1002A4045 /* Base */ = {isa = PBXFileReference; lastKnownFileType = file.xib; name = Base; path = Base.lproj/LaunchScreen.xib; sourceTree = "<group>"; };
		EBD3BEE41D0750D1002A4045 /* SoundPotTests.xctest */ = {isa = PBXFileReference; explicitFileType = wrapper.cfbundle; includeInIndex = 0; path = SoundPotTests.xctest; sourceTree = BUILT_PRODUCTS_DIR; };
		EBD3BEE91D0750D1002A4045 /* Info.plist */ = {isa = PBXFileReference; lastKnownFileType = text.plist.xml; path = Info.plist; sourceTree = "<group>"; };
		EBD3BEEA1D0750D1002A4045 /* SoundPotTests.swift */ = {isa = PBXFileReference; lastKnownFileType = sourcecode.swift; path = SoundPotTests.swift; sourceTree = "<group>"; };
		EBD3BEF41D075623002A4045 /* LoginViewController.swift */ = {isa = PBXFileReference; fileEncoding = 4; lastKnownFileType = sourcecode.swift; path = LoginViewController.swift; sourceTree = "<group>"; };
		EBD3BEF61D076D81002A4045 /* User.swift */ = {isa = PBXFileReference; fileEncoding = 4; lastKnownFileType = sourcecode.swift; path = User.swift; sourceTree = "<group>"; };
		EBD3BEFB1D078168002A4045 /* AudioToolbox.framework */ = {isa = PBXFileReference; lastKnownFileType = wrapper.framework; name = AudioToolbox.framework; path = System/Library/Frameworks/AudioToolbox.framework; sourceTree = SDKROOT; };
		EBD3BEFD1D078174002A4045 /* MediaPlayer.framework */ = {isa = PBXFileReference; lastKnownFileType = wrapper.framework; name = MediaPlayer.framework; path = System/Library/Frameworks/MediaPlayer.framework; sourceTree = SDKROOT; };
		EBD3BF001D078302002A4045 /* CFNetwork.framework */ = {isa = PBXFileReference; lastKnownFileType = wrapper.framework; name = CFNetwork.framework; path = System/Library/Frameworks/CFNetwork.framework; sourceTree = SDKROOT; };
		EBD3BF021D078308002A4045 /* CoreGraphics.framework */ = {isa = PBXFileReference; lastKnownFileType = wrapper.framework; name = CoreGraphics.framework; path = System/Library/Frameworks/CoreGraphics.framework; sourceTree = SDKROOT; };
		EBD3BF041D078316002A4045 /* CoreLocation.framework */ = {isa = PBXFileReference; lastKnownFileType = wrapper.framework; name = CoreLocation.framework; path = System/Library/Frameworks/CoreLocation.framework; sourceTree = SDKROOT; };
		EBD3BF081D078331002A4045 /* MobileCoreServices.framework */ = {isa = PBXFileReference; lastKnownFileType = wrapper.framework; name = MobileCoreServices.framework; path = System/Library/Frameworks/MobileCoreServices.framework; sourceTree = SDKROOT; };
		EBD3BF0A1D078339002A4045 /* QuartzCore.framework */ = {isa = PBXFileReference; lastKnownFileType = wrapper.framework; name = QuartzCore.framework; path = System/Library/Frameworks/QuartzCore.framework; sourceTree = SDKROOT; };
		EBD3BF0C1D07833F002A4045 /* Security.framework */ = {isa = PBXFileReference; lastKnownFileType = wrapper.framework; name = Security.framework; path = System/Library/Frameworks/Security.framework; sourceTree = SDKROOT; };
		EBD3BF0E1D078348002A4045 /* StoreKit.framework */ = {isa = PBXFileReference; lastKnownFileType = wrapper.framework; name = StoreKit.framework; path = System/Library/Frameworks/StoreKit.framework; sourceTree = SDKROOT; };
		EBD3BF101D07836F002A4045 /* SystemConfiguration.framework */ = {isa = PBXFileReference; lastKnownFileType = wrapper.framework; name = SystemConfiguration.framework; path = System/Library/Frameworks/SystemConfiguration.framework; sourceTree = SDKROOT; };
		EBEBD8201D07AFBD002EB597 /* Bolts.framework */ = {isa = PBXFileReference; lastKnownFileType = wrapper.framework; path = Bolts.framework; sourceTree = "<group>"; };
		EBEBD8211D07AFBD002EB597 /* Parse.framework */ = {isa = PBXFileReference; lastKnownFileType = wrapper.framework; path = Parse.framework; sourceTree = "<group>"; };
		EBEBD8241D07AFF3002EB597 /* libz.tbd */ = {isa = PBXFileReference; lastKnownFileType = "sourcecode.text-based-dylib-definition"; name = libz.tbd; path = usr/lib/libz.tbd; sourceTree = SDKROOT; };
		EBEBD8261D07AFFC002EB597 /* libsqlite3.tbd */ = {isa = PBXFileReference; lastKnownFileType = "sourcecode.text-based-dylib-definition"; name = libsqlite3.tbd; path = usr/lib/libsqlite3.tbd; sourceTree = SDKROOT; };
		EBEBD8281D07B8B5002EB597 /* HomeViewController.swift */ = {isa = PBXFileReference; fileEncoding = 4; lastKnownFileType = sourcecode.swift; path = HomeViewController.swift; sourceTree = "<group>"; };
		EBEBD82D1D07C57D002EB597 /* Song.swift */ = {isa = PBXFileReference; fileEncoding = 4; lastKnownFileType = sourcecode.swift; name = Song.swift; path = ../Song.swift; sourceTree = "<group>"; };
		EBEBD8301D07D5A1002EB597 /* InboxViewController.swift */ = {isa = PBXFileReference; fileEncoding = 4; lastKnownFileType = sourcecode.swift; path = InboxViewController.swift; sourceTree = "<group>"; };
		EBEBD8321D086AA7002EB597 /* PlaylistViewController.swift */ = {isa = PBXFileReference; fileEncoding = 4; lastKnownFileType = sourcecode.swift; path = PlaylistViewController.swift; sourceTree = "<group>"; };
		EBEBD8341D088BC4002EB597 /* SongViewController.swift */ = {isa = PBXFileReference; fileEncoding = 4; lastKnownFileType = sourcecode.swift; path = SongViewController.swift; sourceTree = "<group>"; };
		EBEBD8361D089204002EB597 /* HistoryViewControler.swift */ = {isa = PBXFileReference; fileEncoding = 4; lastKnownFileType = sourcecode.swift; path = HistoryViewControler.swift; sourceTree = "<group>"; };
		EBEBD8381D089D5E002EB597 /* HistorySongViewController.swift */ = {isa = PBXFileReference; fileEncoding = 4; lastKnownFileType = sourcecode.swift; path = HistorySongViewController.swift; sourceTree = "<group>"; };
		EBEBD83D1D08AD53002EB597 /* TrackInfoLibrary.m */ = {isa = PBXFileReference; fileEncoding = 4; lastKnownFileType = sourcecode.c.objc; path = TrackInfoLibrary.m; sourceTree = "<group>"; };
		EBEBD83F1D08ADBC002EB597 /* SounPot-Bridging-Header.h */ = {isa = PBXFileReference; fileEncoding = 4; lastKnownFileType = sourcecode.c.h; path = "SounPot-Bridging-Header.h"; sourceTree = "<group>"; };
		EBEBD8401D08AE7D002EB597 /* TrackInfoLibray.h */ = {isa = PBXFileReference; fileEncoding = 4; lastKnownFileType = sourcecode.c.h; path = TrackInfoLibray.h; sourceTree = "<group>"; };
/* End PBXFileReference section */

/* Begin PBXFrameworksBuildPhase section */
		EBD3BEC91D0750D1002A4045 /* Frameworks */ = {
			isa = PBXFrameworksBuildPhase;
			buildActionMask = 2147483647;
			files = (
				EBEBD8271D07AFFC002EB597 /* libsqlite3.tbd in Frameworks */,
				EBEBD8251D07AFF3002EB597 /* libz.tbd in Frameworks */,
				EBD3BF111D07836F002A4045 /* SystemConfiguration.framework in Frameworks */,
				EBD3BF0F1D078348002A4045 /* StoreKit.framework in Frameworks */,
				EBD3BF0D1D07833F002A4045 /* Security.framework in Frameworks */,
				EBD3BF0B1D078339002A4045 /* QuartzCore.framework in Frameworks */,
				EBD3BF091D078331002A4045 /* MobileCoreServices.framework in Frameworks */,
				EBEBD8221D07AFBD002EB597 /* Bolts.framework in Frameworks */,
				EBD3BF051D078316002A4045 /* CoreLocation.framework in Frameworks */,
				EBD3BF031D078308002A4045 /* CoreGraphics.framework in Frameworks */,
				EBEBD8231D07AFBD002EB597 /* Parse.framework in Frameworks */,
				EBD3BF011D078302002A4045 /* CFNetwork.framework in Frameworks */,
				EBD3BEFE1D078174002A4045 /* MediaPlayer.framework in Frameworks */,
				EBD3BEFC1D078168002A4045 /* AudioToolbox.framework in Frameworks */,
			);
			runOnlyForDeploymentPostprocessing = 0;
		};
		EBD3BEE11D0750D1002A4045 /* Frameworks */ = {
			isa = PBXFrameworksBuildPhase;
			buildActionMask = 2147483647;
			files = (
			);
			runOnlyForDeploymentPostprocessing = 0;
		};
/* End PBXFrameworksBuildPhase section */

/* Begin PBXGroup section */
		EB127ED11D09DDC60089C8A6 /* images */ = {
			isa = PBXGroup;
			children = (
				EB127ED41D09DE5A0089C8A6 /* soundpot-lauchscreen-169.png */,
				EB127ED21D09DDD80089C8A6 /* launch-image-soundpot.png */,
				EB127ED61D09E1970089C8A6 /* background.png */,
				EB127EDA1D09E3450089C8A6 /* new-message-icon.png */,
				EB127ED81D09E2BE0089C8A6 /* icon-inbox.png */,
				EB127EDC1D09E4E90089C8A6 /* playlist-icon.png */,
				EB2DCD771D09E9BE0036245B /* background-noglow.png */,
				EB127EDD1D09E4E90089C8A6 /* send-icon.png */,
				EB127EDE1D09E4E90089C8A6 /* settings-icon.png */,
				EB3DFD9E1D0A1A83006BFCAE /* friends-icon.png */,
				EB3DFDA21D0A1BF0006BFCAE /* logo-soundpot-2.png */,
				EB3DFD9F1D0A1A83006BFCAE /* logout-icon.png */,
				EB3DFDA41D0A1DFB006BFCAE /* blurry.png */,
			);
			name = images;
			sourceTree = "<group>";
		};
		EBD3BEC31D0750D1002A4045 = {
			isa = PBXGroup;
			children = (
				EBD3BEFF1D07818A002A4045 /* Frameworks */,
				EBD3BECE1D0750D1002A4045 /* SoundPot */,
				EBD3BEE71D0750D1002A4045 /* SoundPotTests */,
				EBD3BECD1D0750D1002A4045 /* Products */,
			);
			sourceTree = "<group>";
		};
		EBD3BECD1D0750D1002A4045 /* Products */ = {
			isa = PBXGroup;
			children = (
				EBD3BECC1D0750D1002A4045 /* SoundPot.app */,
				EBD3BEE41D0750D1002A4045 /* SoundPotTests.xctest */,
			);
			name = Products;
			sourceTree = "<group>";
		};
		EBD3BECE1D0750D1002A4045 /* SoundPot */ = {
			isa = PBXGroup;
			children = (
				EB127ED11D09DDC60089C8A6 /* images */,
				EB127ECF1D09DCF70089C8A6 /* launchscreen-soundpot.storyboard */,
				EBD3BED81D0750D1002A4045 /* Main.storyboard */,
				EBEBD83F1D08ADBC002EB597 /* SounPot-Bridging-Header.h */,
				EB3EAC721D093E2400BF28A3 /* UploadLibrary.h */,
				EB3EAC731D093E3B00BF28A3 /* UploadLibrary.m */,
				EBEBD8401D08AE7D002EB597 /* TrackInfoLibray.h */,
				EBEBD83D1D08AD53002EB597 /* TrackInfoLibrary.m */,
				EBD3BED11D0750D1002A4045 /* AppDelegate.swift */,
				EBA4440E1D08DBF800384396 /* EditFriendsViewController.swift */,
				EBA4440C1D08D79A00384396 /* FriendsViewController.swift */,
				EBEBD8381D089D5E002EB597 /* HistorySongViewController.swift */,
				EBEBD8361D089204002EB597 /* HistoryViewControler.swift */,
				EBEBD8281D07B8B5002EB597 /* HomeViewController.swift */,
				EBEBD8301D07D5A1002EB597 /* InboxViewController.swift */,
				EBD3BEF41D075623002A4045 /* LoginViewController.swift */,
				EBEBD8321D086AA7002EB597 /* PlaylistViewController.swift */,
				EB3EAC701D09339900BF28A3 /* SendViewController.swift */,
				EBA4440A1D08CD4300384396 /* SettingsViewController.swift */,
				EB3DFDA61D0A27C8006BFCAE /* SignUpViewController.swift */,
				EBEBD8341D088BC4002EB597 /* SongViewController.swift */,
				EBEBD82D1D07C57D002EB597 /* Song.swift */,
				EBD3BEF61D076D81002A4045 /* User.swift */,
				EBD3BEDB1D0750D1002A4045 /* Images.xcassets */,
				EBD3BEDD1D0750D1002A4045 /* LaunchScreen.xib */,
				EBD3BED31D0750D1002A4045 /* SoundPot.xcdatamodeld */,
				EBD3BECF1D0750D1002A4045 /* Supporting Files */,
			);
			path = SoundPot;
			sourceTree = "<group>";
		};
		EBD3BECF1D0750D1002A4045 /* Supporting Files */ = {
			isa = PBXGroup;
			children = (
				EBD3BED01D0750D1002A4045 /* Info.plist */,
			);
			name = "Supporting Files";
			sourceTree = "<group>";
		};
		EBD3BEE71D0750D1002A4045 /* SoundPotTests */ = {
			isa = PBXGroup;
			children = (
				EBD3BEEA1D0750D1002A4045 /* SoundPotTests.swift */,
				EBD3BEE81D0750D1002A4045 /* Supporting Files */,
			);
			path = SoundPotTests;
			sourceTree = "<group>";
		};
		EBD3BEE81D0750D1002A4045 /* Supporting Files */ = {
			isa = PBXGroup;
			children = (
				EBD3BEE91D0750D1002A4045 /* Info.plist */,
			);
			name = "Supporting Files";
			sourceTree = "<group>";
		};
		EBD3BEFF1D07818A002A4045 /* Frameworks */ = {
			isa = PBXGroup;
			children = (
				EBEBD8261D07AFFC002EB597 /* libsqlite3.tbd */,
				EBEBD8241D07AFF3002EB597 /* libz.tbd */,
				EBEBD8201D07AFBD002EB597 /* Bolts.framework */,
				EBEBD8211D07AFBD002EB597 /* Parse.framework */,
				EBD3BF101D07836F002A4045 /* SystemConfiguration.framework */,
				EBD3BF0E1D078348002A4045 /* StoreKit.framework */,
				EBD3BF0C1D07833F002A4045 /* Security.framework */,
				EBD3BF0A1D078339002A4045 /* QuartzCore.framework */,
				EBD3BF081D078331002A4045 /* MobileCoreServices.framework */,
				EBD3BF041D078316002A4045 /* CoreLocation.framework */,
				EBD3BF021D078308002A4045 /* CoreGraphics.framework */,
				EBD3BF001D078302002A4045 /* CFNetwork.framework */,
				EBD3BEFB1D078168002A4045 /* AudioToolbox.framework */,
				EBD3BEFD1D078174002A4045 /* MediaPlayer.framework */,
			);
			name = Frameworks;
			sourceTree = "<group>";
		};
/* End PBXGroup section */

/* Begin PBXNativeTarget section */
		EBD3BECB1D0750D1002A4045 /* SoundPot */ = {
			isa = PBXNativeTarget;
			buildConfigurationList = EBD3BEEE1D0750D1002A4045 /* Build configuration list for PBXNativeTarget "SoundPot" */;
			buildPhases = (
				EBD3BEC81D0750D1002A4045 /* Sources */,
				EBD3BEC91D0750D1002A4045 /* Frameworks */,
				EBD3BECA1D0750D1002A4045 /* Resources */,
			);
			buildRules = (
			);
			dependencies = (
			);
			name = SoundPot;
			productName = SoundPot;
			productReference = EBD3BECC1D0750D1002A4045 /* SoundPot.app */;
			productType = "com.apple.product-type.application";
		};
		EBD3BEE31D0750D1002A4045 /* SoundPotTests */ = {
			isa = PBXNativeTarget;
			buildConfigurationList = EBD3BEF11D0750D1002A4045 /* Build configuration list for PBXNativeTarget "SoundPotTests" */;
			buildPhases = (
				EBD3BEE01D0750D1002A4045 /* Sources */,
				EBD3BEE21D0750D1002A4045 /* Resources */,
				EBD3BEE11D0750D1002A4045 /* Frameworks */,
			);
			buildRules = (
			);
			dependencies = (
				EBD3BEE61D0750D1002A4045 /* PBXTargetDependency */,
			);
			name = SoundPotTests;
			productName = SoundPotTests;
			productReference = EBD3BEE41D0750D1002A4045 /* SoundPotTests.xctest */;
			productType = "com.apple.product-type.bundle.unit-test";
		};
/* End PBXNativeTarget section */

/* Begin PBXProject section */
		EBD3BEC41D0750D1002A4045 /* Project object */ = {
			isa = PBXProject;
			attributes = {
				LastSwiftMigration = 0730;
				LastSwiftUpdateCheck = 0730;
				LastUpgradeCheck = 0640;
				ORGANIZATIONNAME = "Clement Besson";
				TargetAttributes = {
					EBD3BECB1D0750D1002A4045 = {
						CreatedOnToolsVersion = 6.4;
						DevelopmentTeam = GZASV253E2;
						SystemCapabilities = {
							com.apple.Push = {
								enabled = 1;
							};
						};
					};
					EBD3BEE31D0750D1002A4045 = {
						CreatedOnToolsVersion = 6.4;
						TestTargetID = EBD3BECB1D0750D1002A4045;
					};
				};
			};
			buildConfigurationList = EBD3BEC71D0750D1002A4045 /* Build configuration list for PBXProject "SoundPot" */;
			compatibilityVersion = "Xcode 3.2";
			developmentRegion = English;
			hasScannedForEncodings = 0;
			knownRegions = (
				en,
				Base,
			);
			mainGroup = EBD3BEC31D0750D1002A4045;
			productRefGroup = EBD3BECD1D0750D1002A4045 /* Products */;
			projectDirPath = "";
			projectRoot = "";
			targets = (
				EBD3BECB1D0750D1002A4045 /* SoundPot */,
				EBD3BEE31D0750D1002A4045 /* SoundPotTests */,
			);
		};
/* End PBXProject section */

/* Begin PBXResourcesBuildPhase section */
		EBD3BECA1D0750D1002A4045 /* Resources */ = {
			isa = PBXResourcesBuildPhase;
			buildActionMask = 2147483647;
			files = (
				EBD3BEDA1D0750D1002A4045 /* Main.storyboard in Resources */,
				EBD3BEDF1D0750D1002A4045 /* LaunchScreen.xib in Resources */,
				EB127EDF1D09E4E90089C8A6 /* playlist-icon.png in Resources */,
				EB127ED71D09E1970089C8A6 /* background.png in Resources */,
				EB127EDB1D09E3450089C8A6 /* new-message-icon.png in Resources */,
				EB2DCD781D09E9BE0036245B /* background-noglow.png in Resources */,
				EB3DFDA01D0A1A83006BFCAE /* friends-icon.png in Resources */,
				EB127ED51D09DE5A0089C8A6 /* soundpot-lauchscreen-169.png in Resources */,
				EB3DFDA11D0A1A83006BFCAE /* logout-icon.png in Resources */,
				EB127ED01D09DCF70089C8A6 /* launchscreen-soundpot.storyboard in Resources */,
				EB127EE11D09E4E90089C8A6 /* settings-icon.png in Resources */,
				EB127EE01D09E4E90089C8A6 /* send-icon.png in Resources */,
				EBD3BEDC1D0750D1002A4045 /* Images.xcassets in Resources */,
				EB3DFDA51D0A1DFB006BFCAE /* blurry.png in Resources */,
				EB127ED31D09DDD80089C8A6 /* launch-image-soundpot.png in Resources */,
				EB127ED91D09E2BE0089C8A6 /* icon-inbox.png in Resources */,
				EB3DFDA31D0A1BF0006BFCAE /* logo-soundpot-2.png in Resources */,
			);
			runOnlyForDeploymentPostprocessing = 0;
		};
		EBD3BEE21D0750D1002A4045 /* Resources */ = {
			isa = PBXResourcesBuildPhase;
			buildActionMask = 2147483647;
			files = (
			);
			runOnlyForDeploymentPostprocessing = 0;
		};
/* End PBXResourcesBuildPhase section */

/* Begin PBXSourcesBuildPhase section */
		EBD3BEC81D0750D1002A4045 /* Sources */ = {
			isa = PBXSourcesBuildPhase;
			buildActionMask = 2147483647;
			files = (
				EBEBD8331D086AA7002EB597 /* PlaylistViewController.swift in Sources */,
				EBA4440D1D08D79A00384396 /* FriendsViewController.swift in Sources */,
				EBEBD82E1D07C57D002EB597 /* Song.swift in Sources */,
				EBEBD83E1D08AD53002EB597 /* TrackInfoLibrary.m in Sources */,
				EBD3BEF51D075624002A4045 /* LoginViewController.swift in Sources */,
				EBEBD8311D07D5A1002EB597 /* InboxViewController.swift in Sources */,
				EB3DFDA71D0A27C8006BFCAE /* SignUpViewController.swift in Sources */,
				EBD3BED21D0750D1002A4045 /* AppDelegate.swift in Sources */,
				EBD3BEF71D076D81002A4045 /* User.swift in Sources */,
				EBEBD8371D089204002EB597 /* HistoryViewControler.swift in Sources */,
				EBEBD8351D088BC4002EB597 /* SongViewController.swift in Sources */,
				EBA4440F1D08DBF800384396 /* EditFriendsViewController.swift in Sources */,
				EBA4440B1D08CD4300384396 /* SettingsViewController.swift in Sources */,
				EBD3BED51D0750D1002A4045 /* SoundPot.xcdatamodeld in Sources */,
				EBEBD8391D089D5E002EB597 /* HistorySongViewController.swift in Sources */,
				EBEBD8291D07B8B5002EB597 /* HomeViewController.swift in Sources */,
				EB3EAC711D09339900BF28A3 /* SendViewController.swift in Sources */,
				EB3EAC741D093E3B00BF28A3 /* UploadLibrary.m in Sources */,
			);
			runOnlyForDeploymentPostprocessing = 0;
		};
		EBD3BEE01D0750D1002A4045 /* Sources */ = {
			isa = PBXSourcesBuildPhase;
			buildActionMask = 2147483647;
			files = (
				EBEBD82F1D07C57D002EB597 /* Song.swift in Sources */,
				EBD3BEF81D076D81002A4045 /* User.swift in Sources */,
				EBD3BEEB1D0750D1002A4045 /* SoundPotTests.swift in Sources */,
			);
			runOnlyForDeploymentPostprocessing = 0;
		};
/* End PBXSourcesBuildPhase section */

/* Begin PBXTargetDependency section */
		EBD3BEE61D0750D1002A4045 /* PBXTargetDependency */ = {
			isa = PBXTargetDependency;
			target = EBD3BECB1D0750D1002A4045 /* SoundPot */;
			targetProxy = EBD3BEE51D0750D1002A4045 /* PBXContainerItemProxy */;
		};
/* End PBXTargetDependency section */

/* Begin PBXVariantGroup section */
		EBD3BED81D0750D1002A4045 /* Main.storyboard */ = {
			isa = PBXVariantGroup;
			children = (
				EBD3BED91D0750D1002A4045 /* Base */,
			);
			name = Main.storyboard;
			sourceTree = "<group>";
		};
		EBD3BEDD1D0750D1002A4045 /* LaunchScreen.xib */ = {
			isa = PBXVariantGroup;
			children = (
				EBD3BEDE1D0750D1002A4045 /* Base */,
			);
			name = LaunchScreen.xib;
			sourceTree = "<group>";
		};
/* End PBXVariantGroup section */

/* Begin XCBuildConfiguration section */
		EBD3BEEC1D0750D1002A4045 /* Debug */ = {
			isa = XCBuildConfiguration;
			buildSettings = {
				ALWAYS_SEARCH_USER_PATHS = NO;
				CLANG_CXX_LANGUAGE_STANDARD = "gnu++0x";
				CLANG_CXX_LIBRARY = "libc++";
				CLANG_ENABLE_MODULES = YES;
				CLANG_ENABLE_OBJC_ARC = YES;
				CLANG_WARN_BOOL_CONVERSION = YES;
				CLANG_WARN_CONSTANT_CONVERSION = YES;
				CLANG_WARN_DIRECT_OBJC_ISA_USAGE = YES_ERROR;
				CLANG_WARN_EMPTY_BODY = YES;
				CLANG_WARN_ENUM_CONVERSION = YES;
				CLANG_WARN_INT_CONVERSION = YES;
				CLANG_WARN_OBJC_ROOT_CLASS = YES_ERROR;
				CLANG_WARN_UNREACHABLE_CODE = YES;
				CLANG_WARN__DUPLICATE_METHOD_MATCH = YES;
				"CODE_SIGN_IDENTITY[sdk=iphoneos*]" = "iPhone Developer";
				COPY_PHASE_STRIP = NO;
				DEBUG_INFORMATION_FORMAT = "dwarf-with-dsym";
				ENABLE_STRICT_OBJC_MSGSEND = YES;
				GCC_C_LANGUAGE_STANDARD = gnu99;
				GCC_DYNAMIC_NO_PIC = NO;
				GCC_NO_COMMON_BLOCKS = YES;
				GCC_OPTIMIZATION_LEVEL = 0;
				GCC_PREPROCESSOR_DEFINITIONS = (
					"DEBUG=1",
					"$(inherited)",
				);
				GCC_SYMBOLS_PRIVATE_EXTERN = NO;
				GCC_WARN_64_TO_32_BIT_CONVERSION = YES;
				GCC_WARN_ABOUT_RETURN_TYPE = YES_ERROR;
				GCC_WARN_UNDECLARED_SELECTOR = YES;
				GCC_WARN_UNINITIALIZED_AUTOS = YES_AGGRESSIVE;
				GCC_WARN_UNUSED_FUNCTION = YES;
				GCC_WARN_UNUSED_VARIABLE = YES;
				IPHONEOS_DEPLOYMENT_TARGET = 9.0;
				MTL_ENABLE_DEBUG_INFO = YES;
				ONLY_ACTIVE_ARCH = YES;
				SDKROOT = iphoneos;
				SWIFT_OPTIMIZATION_LEVEL = "-Onone";
			};
			name = Debug;
		};
		EBD3BEED1D0750D1002A4045 /* Release */ = {
			isa = XCBuildConfiguration;
			buildSettings = {
				ALWAYS_SEARCH_USER_PATHS = NO;
				CLANG_CXX_LANGUAGE_STANDARD = "gnu++0x";
				CLANG_CXX_LIBRARY = "libc++";
				CLANG_ENABLE_MODULES = YES;
				CLANG_ENABLE_OBJC_ARC = YES;
				CLANG_WARN_BOOL_CONVERSION = YES;
				CLANG_WARN_CONSTANT_CONVERSION = YES;
				CLANG_WARN_DIRECT_OBJC_ISA_USAGE = YES_ERROR;
				CLANG_WARN_EMPTY_BODY = YES;
				CLANG_WARN_ENUM_CONVERSION = YES;
				CLANG_WARN_INT_CONVERSION = YES;
				CLANG_WARN_OBJC_ROOT_CLASS = YES_ERROR;
				CLANG_WARN_UNREACHABLE_CODE = YES;
				CLANG_WARN__DUPLICATE_METHOD_MATCH = YES;
				"CODE_SIGN_IDENTITY[sdk=iphoneos*]" = "iPhone Developer";
				COPY_PHASE_STRIP = NO;
				DEBUG_INFORMATION_FORMAT = "dwarf-with-dsym";
				ENABLE_NS_ASSERTIONS = NO;
				ENABLE_STRICT_OBJC_MSGSEND = YES;
				GCC_C_LANGUAGE_STANDARD = gnu99;
				GCC_NO_COMMON_BLOCKS = YES;
				GCC_WARN_64_TO_32_BIT_CONVERSION = YES;
				GCC_WARN_ABOUT_RETURN_TYPE = YES_ERROR;
				GCC_WARN_UNDECLARED_SELECTOR = YES;
				GCC_WARN_UNINITIALIZED_AUTOS = YES_AGGRESSIVE;
				GCC_WARN_UNUSED_FUNCTION = YES;
				GCC_WARN_UNUSED_VARIABLE = YES;
				IPHONEOS_DEPLOYMENT_TARGET = 9.0;
				MTL_ENABLE_DEBUG_INFO = NO;
				SDKROOT = iphoneos;
				VALIDATE_PRODUCT = YES;
			};
			name = Release;
		};
		EBD3BEEF1D0750D1002A4045 /* Debug */ = {
			isa = XCBuildConfiguration;
			buildSettings = {
				ASSETCATALOG_COMPILER_APPICON_NAME = AppIcon;
				CLANG_ENABLE_MODULES = YES;
				CODE_SIGN_IDENTITY = "iPhone Developer";
				"CODE_SIGN_IDENTITY[sdk=iphoneos*]" = "iPhone Developer";
				FRAMEWORK_SEARCH_PATHS = (
					"$(inherited)",
					"/Users/Clement/Desktop/parse-library-1.12.0",
					"$(PROJECT_DIR)",
				);
				INFOPLIST_FILE = SoundPot/Info.plist;
				LD_RUNPATH_SEARCH_PATHS = "$(inherited) @executable_path/Frameworks";
				PRODUCT_BUNDLE_IDENTIFIER = com.ProjetXDevTeam.ProjetX;
				PRODUCT_NAME = "$(TARGET_NAME)";
				PROVISIONING_PROFILE = "";
				SWIFT_OBJC_BRIDGING_HEADER = "/Users/Clement/SoundPot/SoundPot/SounPot-Bridging-Header.h";
				SWIFT_OPTIMIZATION_LEVEL = "-Onone";
			};
			name = Debug;
		};
		EBD3BEF01D0750D1002A4045 /* Release */ = {
			isa = XCBuildConfiguration;
			buildSettings = {
				ASSETCATALOG_COMPILER_APPICON_NAME = AppIcon;
				CLANG_ENABLE_MODULES = YES;
				CODE_SIGN_IDENTITY = "iPhone Developer";
				"CODE_SIGN_IDENTITY[sdk=iphoneos*]" = "iPhone Developer";
				FRAMEWORK_SEARCH_PATHS = (
					"$(inherited)",
					"/Users/Clement/Desktop/parse-library-1.12.0",
					"$(PROJECT_DIR)",
				);
				INFOPLIST_FILE = SoundPot/Info.plist;
				LD_RUNPATH_SEARCH_PATHS = "$(inherited) @executable_path/Frameworks";
				PRODUCT_BUNDLE_IDENTIFIER = com.ProjetXDevTeam.ProjetX;
				PRODUCT_NAME = "$(TARGET_NAME)";
				PROVISIONING_PROFILE = "";
				SWIFT_OBJC_BRIDGING_HEADER = "/Users/Clement/SoundPot/SoundPot/SounPot-Bridging-Header.h";
			};
			name = Release;
		};
		EBD3BEF21D0750D1002A4045 /* Debug */ = {
			isa = XCBuildConfiguration;
			buildSettings = {
				BUNDLE_LOADER = "$(TEST_HOST)";
				CLANG_ENABLE_MODULES = YES;
				FRAMEWORK_SEARCH_PATHS = (
					"$(SDKROOT)/Developer/Library/Frameworks",
					"$(inherited)",
				);
				GCC_PREPROCESSOR_DEFINITIONS = (
					"DEBUG=1",
					"$(inherited)",
				);
				INFOPLIST_FILE = SoundPotTests/Info.plist;
				LD_RUNPATH_SEARCH_PATHS = "$(inherited) @executable_path/Frameworks @loader_path/Frameworks";
				PRODUCT_NAME = "$(TARGET_NAME)";
				SWIFT_OBJC_BRIDGING_HEADER = "";
				SWIFT_OPTIMIZATION_LEVEL = "-Onone";
				TEST_HOST = "$(BUILT_PRODUCTS_DIR)/SoundPot.app/SoundPot";
			};
			name = Debug;
		};
		EBD3BEF31D0750D1002A4045 /* Release */ = {
			isa = XCBuildConfiguration;
			buildSettings = {
				BUNDLE_LOADER = "$(TEST_HOST)";
				CLANG_ENABLE_MODULES = YES;
				FRAMEWORK_SEARCH_PATHS = (
					"$(SDKROOT)/Developer/Library/Frameworks",
					"$(inherited)",
				);
				INFOPLIST_FILE = SoundPotTests/Info.plist;
				LD_RUNPATH_SEARCH_PATHS = "$(inherited) @executable_path/Frameworks @loader_path/Frameworks";
				PRODUCT_NAME = "$(TARGET_NAME)";
				SWIFT_OBJC_BRIDGING_HEADER = "";
				TEST_HOST = "$(BUILT_PRODUCTS_DIR)/SoundPot.app/SoundPot";
			};
			name = Release;
		};
/* End XCBuildConfiguration section */

/* Begin XCConfigurationList section */
		EBD3BEC71D0750D1002A4045 /* Build configuration list for PBXProject "SoundPot" */ = {
			isa = XCConfigurationList;
			buildConfigurations = (
				EBD3BEEC1D0750D1002A4045 /* Debug */,
				EBD3BEED1D0750D1002A4045 /* Release */,
			);
			defaultConfigurationIsVisible = 0;
			defaultConfigurationName = Release;
		};
		EBD3BEEE1D0750D1002A4045 /* Build configuration list for PBXNativeTarget "SoundPot" */ = {
			isa = XCConfigurationList;
			buildConfigurations = (
				EBD3BEEF1D0750D1002A4045 /* Debug */,
				EBD3BEF01D0750D1002A4045 /* Release */,
			);
			defaultConfigurationIsVisible = 0;
			defaultConfigurationName = Release;
		};
		EBD3BEF11D0750D1002A4045 /* Build configuration list for PBXNativeTarget "SoundPotTests" */ = {
			isa = XCConfigurationList;
			buildConfigurations = (
				EBD3BEF21D0750D1002A4045 /* Debug */,
				EBD3BEF31D0750D1002A4045 /* Release */,
			);
			defaultConfigurationIsVisible = 0;
			defaultConfigurationName = Release;
		};
/* End XCConfigurationList section */

/* Begin XCVersionGroup section */
		EBD3BED31D0750D1002A4045 /* SoundPot.xcdatamodeld */ = {
			isa = XCVersionGroup;
			children = (
				EBD3BED41D0750D1002A4045 /* SoundPot.xcdatamodel */,
			);
			currentVersion = EBD3BED41D0750D1002A4045 /* SoundPot.xcdatamodel */;
			path = SoundPot.xcdatamodeld;
			sourceTree = "<group>";
			versionGroupType = wrapper.xcdatamodel;
		};
/* End XCVersionGroup section */
	};
	rootObject = EBD3BEC41D0750D1002A4045 /* Project object */;
}
